
Microsoft Visual Studio Solution File, Format Version 12.00
# Visual Studio Version 16
VisualStudioVersion = 16.0.31911.196
MinimumVisualStudioVersion = 10.0.40219.1
Project("{9A19103F-16F7-4668-BE54-9A1E7A4F7556}") = "YasES.Core", "src\YasES.Core\YasES.Core.csproj", "{2F5B71D8-1FC3-486D-9E77-211213348B12}"
EndProject
Project("{2150E333-8FDC-42A3-9474-1A3956D46DE8}") = "Tests", "Tests", "{A98D8ADA-8FF8-47AF-9795-89FBA7046060}"
EndProject
Project("{9A19103F-16F7-4668-BE54-9A1E7A4F7556}") = "YasES.Core.Tests", "tests\YasES.Core.Tests\YasES.Core.Tests.csproj", "{6F9BE4F9-5202-4EF7-AD8A-71E66A9A49F5}"
EndProject
Project("{9A19103F-16F7-4668-BE54-9A1E7A4F7556}") = "YasES.Persistance.Sqlite", "src\YasES.Persistance.Sqlite\YasES.Persistance.Sqlite.csproj", "{FD80C123-7C81-47C9-A010-3A5FDF50E410}"
EndProject
Project("{9A19103F-16F7-4668-BE54-9A1E7A4F7556}") = "YasES.Persistance.Sql", "src\YasES.Persistance.Sql\YasES.Persistance.Sql.csproj", "{9B650C23-E234-4C0C-8FDB-70AB8B9B9D27}"
EndProject
Project("{9A19103F-16F7-4668-BE54-9A1E7A4F7556}") = "YasES.Persistance.Sqlite.Tests", "tests\YasES.Persistance.Sqlite.Tests\YasES.Persistance.Sqlite.Tests.csproj", "{147D89CE-29EC-4379-A14F-DD25B3821DC9}"
EndProject
Project("{2150E333-8FDC-42A3-9474-1A3956D46DE8}") = "Examples", "Examples", "{A9102E70-BFCE-4520-98DF-3F350B9768E4}"
EndProject
Project("{9A19103F-16F7-4668-BE54-9A1E7A4F7556}") = "YasES.Examples.PersonList", "examples\YasES.Examples.PersonList\YasES.Examples.PersonList.csproj", "{2465E8B7-7691-4A7E-BE70-CD8B71889EF2}"
EndProject
Project("{9A19103F-16F7-4668-BE54-9A1E7A4F7556}") = "YasES.Examples.Simple", "examples\YasES.Examples.Simple\YasES.Examples.Simple.csproj", "{8113E0EA-C997-433D-8419-65A752F7C1D0}"
EndProject
Project("{9A19103F-16F7-4668-BE54-9A1E7A4F7556}") = "YasES.Plugins.Messaging", "src\YasES.Plugins.Messaging\YasES.Plugins.Messaging.csproj", "{F1C5D81C-C0EF-42FD-8E62-60DE69AD52D7}"
EndProject
Project("{9A19103F-16F7-4668-BE54-9A1E7A4F7556}") = "YasES.Plugins.Messaging.Tests", "tests\YasES.Plugins.Messaging.Tests\YasES.Plugins.Messaging.Tests.csproj", "{0B1FF02D-D2D7-449C-8B19-88EB2311C147}"
EndProject
Project("{2150E333-8FDC-42A3-9474-1A3956D46DE8}") = "Solution Items", "Solution Items", "{90447805-C3BD-4DEE-BB96-A2935500DDDB}"
	ProjectSection(SolutionItems) = preProject
		.editorconfig = .editorconfig
	EndProjectSection
EndProject
Global
	GlobalSection(SolutionConfigurationPlatforms) = preSolution
		Debug|Any CPU = Debug|Any CPU
		Release|Any CPU = Release|Any CPU
	EndGlobalSection
	GlobalSection(ProjectConfigurationPlatforms) = postSolution
		{2F5B71D8-1FC3-486D-9E77-211213348B12}.Debug|Any CPU.ActiveCfg = Debug|Any CPU
		{2F5B71D8-1FC3-486D-9E77-211213348B12}.Debug|Any CPU.Build.0 = Debug|Any CPU
		{2F5B71D8-1FC3-486D-9E77-211213348B12}.Release|Any CPU.ActiveCfg = Release|Any CPU
		{2F5B71D8-1FC3-486D-9E77-211213348B12}.Release|Any CPU.Build.0 = Release|Any CPU
		{6F9BE4F9-5202-4EF7-AD8A-71E66A9A49F5}.Debug|Any CPU.ActiveCfg = Debug|Any CPU
		{6F9BE4F9-5202-4EF7-AD8A-71E66A9A49F5}.Debug|Any CPU.Build.0 = Debug|Any CPU
		{6F9BE4F9-5202-4EF7-AD8A-71E66A9A49F5}.Release|Any CPU.ActiveCfg = Release|Any CPU
		{6F9BE4F9-5202-4EF7-AD8A-71E66A9A49F5}.Release|Any CPU.Build.0 = Release|Any CPU
		{FD80C123-7C81-47C9-A010-3A5FDF50E410}.Debug|Any CPU.ActiveCfg = Debug|Any CPU
		{FD80C123-7C81-47C9-A010-3A5FDF50E410}.Debug|Any CPU.Build.0 = Debug|Any CPU
		{FD80C123-7C81-47C9-A010-3A5FDF50E410}.Release|Any CPU.ActiveCfg = Release|Any CPU
		{FD80C123-7C81-47C9-A010-3A5FDF50E410}.Release|Any CPU.Build.0 = Release|Any CPU
		{9B650C23-E234-4C0C-8FDB-70AB8B9B9D27}.Debug|Any CPU.ActiveCfg = Debug|Any CPU
		{9B650C23-E234-4C0C-8FDB-70AB8B9B9D27}.Debug|Any CPU.Build.0 = Debug|Any CPU
		{9B650C23-E234-4C0C-8FDB-70AB8B9B9D27}.Release|Any CPU.ActiveCfg = Release|Any CPU
		{9B650C23-E234-4C0C-8FDB-70AB8B9B9D27}.Release|Any CPU.Build.0 = Release|Any CPU
		{147D89CE-29EC-4379-A14F-DD25B3821DC9}.Debug|Any CPU.ActiveCfg = Debug|Any CPU
		{147D89CE-29EC-4379-A14F-DD25B3821DC9}.Debug|Any CPU.Build.0 = Debug|Any CPU
		{147D89CE-29EC-4379-A14F-DD25B3821DC9}.Release|Any CPU.ActiveCfg = Release|Any CPU
		{147D89CE-29EC-4379-A14F-DD25B3821DC9}.Release|Any CPU.Build.0 = Release|Any CPU
		{2465E8B7-7691-4A7E-BE70-CD8B71889EF2}.Debug|Any CPU.ActiveCfg = Debug|Any CPU
		{2465E8B7-7691-4A7E-BE70-CD8B71889EF2}.Debug|Any CPU.Build.0 = Debug|Any CPU
		{2465E8B7-7691-4A7E-BE70-CD8B71889EF2}.Release|Any CPU.ActiveCfg = Release|Any CPU
		{2465E8B7-7691-4A7E-BE70-CD8B71889EF2}.Release|Any CPU.Build.0 = Release|Any CPU
		{8113E0EA-C997-433D-8419-65A752F7C1D0}.Debug|Any CPU.ActiveCfg = Debug|Any CPU
		{8113E0EA-C997-433D-8419-65A752F7C1D0}.Debug|Any CPU.Build.0 = Debug|Any CPU
		{8113E0EA-C997-433D-8419-65A752F7C1D0}.Release|Any CPU.ActiveCfg = Release|Any CPU
		{8113E0EA-C997-433D-8419-65A752F7C1D0}.Release|Any CPU.Build.0 = Release|Any CPU
		{F1C5D81C-C0EF-42FD-8E62-60DE69AD52D7}.Debug|Any CPU.ActiveCfg = Debug|Any CPU
		{F1C5D81C-C0EF-42FD-8E62-60DE69AD52D7}.Debug|Any CPU.Build.0 = Debug|Any CPU
		{F1C5D81C-C0EF-42FD-8E62-60DE69AD52D7}.Release|Any CPU.ActiveCfg = Release|Any CPU
		{F1C5D81C-C0EF-42FD-8E62-60DE69AD52D7}.Release|Any CPU.Build.0 = Release|Any CPU
		{0B1FF02D-D2D7-449C-8B19-88EB2311C147}.Debug|Any CPU.ActiveCfg = Debug|Any CPU
		{0B1FF02D-D2D7-449C-8B19-88EB2311C147}.Debug|Any CPU.Build.0 = Debug|Any CPU
		{0B1FF02D-D2D7-449C-8B19-88EB2311C147}.Release|Any CPU.ActiveCfg = Release|Any CPU
		{0B1FF02D-D2D7-449C-8B19-88EB2311C147}.Release|Any CPU.Build.0 = Release|Any CPU
	EndGlobalSection
	GlobalSection(SolutionProperties) = preSolution
		HideSolutionNode = FALSE
	EndGlobalSection
	GlobalSection(NestedProjects) = preSolution
		{6F9BE4F9-5202-4EF7-AD8A-71E66A9A49F5} = {A98D8ADA-8FF8-47AF-9795-89FBA7046060}
		{147D89CE-29EC-4379-A14F-DD25B3821DC9} = {A98D8ADA-8FF8-47AF-9795-89FBA7046060}
		{2465E8B7-7691-4A7E-BE70-CD8B71889EF2} = {A9102E70-BFCE-4520-98DF-3F350B9768E4}
		{8113E0EA-C997-433D-8419-65A752F7C1D0} = {A9102E70-BFCE-4520-98DF-3F350B9768E4}
		{0B1FF02D-D2D7-449C-8B19-88EB2311C147} = {A98D8ADA-8FF8-47AF-9795-89FBA7046060}
	EndGlobalSection
	GlobalSection(ExtensibilityGlobals) = postSolution
		SolutionGuid = {CEE08DD6-85E4-4FAA-AF06-CAD40D3F2AD7}
	EndGlobalSection
EndGlobal
